
Microsoft Visual Studio Solution File, Format Version 12.00
# Visual Studio Version 17
VisualStudioVersion = 17.10.34916.146
MinimumVisualStudioVersion = 10.0.40219.1
Project("{9A19103F-16F7-4668-BE54-9A1E7A4F7556}") = "LW1", "LW1\LW1.csproj", "{55656B0C-E549-406D-82C2-AC5B6E57D29E}"
EndProject
Project("{54435603-DBB4-11D2-8724-00A0C9A8B90C}") = "SetupKursach", "SetupKursach\SetupKursach.vdproj", "{563E70B5-BE87-4E94-BA80-29F180A4D8A0}"
EndProject
Global
	GlobalSection(SolutionConfigurationPlatforms) = preSolution
		Debug|Any CPU = Debug|Any CPU
		Release|Any CPU = Release|Any CPU
	EndGlobalSection
	GlobalSection(ProjectConfigurationPlatforms) = postSolution
		{55656B0C-E549-406D-82C2-AC5B6E57D29E}.Debug|Any CPU.ActiveCfg = Debug|Any CPU
		{55656B0C-E549-406D-82C2-AC5B6E57D29E}.Debug|Any CPU.Build.0 = Debug|Any CPU
		{55656B0C-E549-406D-82C2-AC5B6E57D29E}.Release|Any CPU.ActiveCfg = Release|Any CPU
		{55656B0C-E549-406D-82C2-AC5B6E57D29E}.Release|Any CPU.Build.0 = Release|Any CPU
		{563E70B5-BE87-4E94-BA80-29F180A4D8A0}.Debug|Any CPU.ActiveCfg = Debug
		{563E70B5-BE87-4E94-BA80-29F180A4D8A0}.Release|Any CPU.ActiveCfg = Release
	EndGlobalSection
	GlobalSection(SolutionProperties) = preSolution
		HideSolutionNode = FALSE
	EndGlobalSection
	GlobalSection(ExtensibilityGlobals) = postSolution
		SolutionGuid = {7E00838B-9977-4BE1-899D-1E6EB609B702}
	EndGlobalSection
EndGlobal
